
Microsoft Visual Studio Solution File, Format Version 12.00
# Visual Studio Version 17
VisualStudioVersion = 17.1.32328.378
MinimumVisualStudioVersion = 10.0.40219.1
Project("{FAE04EC0-301F-11D3-BF4B-00C04F79EFBC}") = "WebApplication1", "WebApplication1\WebApplication1.csproj", "{FFD46F6F-C65C-4755-BE52-494E65BAF907}"
EndProject
Global
	GlobalSection(SolutionConfigurationPlatforms) = preSolution
		Debug|Any CPU = Debug|Any CPU
		Release|Any CPU = Release|Any CPU
	EndGlobalSection
	GlobalSection(ProjectConfigurationPlatforms) = postSolution
		{FFD46F6F-C65C-4755-BE52-494E65BAF907}.Debug|Any CPU.ActiveCfg = Debug|Any CPU
		{FFD46F6F-C65C-4755-BE52-494E65BAF907}.Debug|Any CPU.Build.0 = Debug|Any CPU
		{FFD46F6F-C65C-4755-BE52-494E65BAF907}.Release|Any CPU.ActiveCfg = Release|Any CPU
		{FFD46F6F-C65C-4755-BE52-494E65BAF907}.Release|Any CPU.Build.0 = Release|Any CPU
	EndGlobalSection
	GlobalSection(SolutionProperties) = preSolution
		HideSolutionNode = FALSE
	EndGlobalSection
	GlobalSection(ExtensibilityGlobals) = postSolution
		SolutionGuid = {44B10598-D5C5-407E-8D46-D6895E98B05C}
	EndGlobalSection
EndGlobal
